
Microsoft Visual Studio Solution File, Format Version 12.00
# Visual Studio 15
Project("{FAE04EC0-301F-11D3-BF4B-00C04F79EFBC}") = "ErcasCollect", "ErcasCollect\ErcasCollect.csproj", "{D0CA5ADA-830B-4B86-B650-F6C8C3672D39}"
EndProject
Global
	GlobalSection(SolutionConfigurationPlatforms) = preSolution
		Debug|Any CPU = Debug|Any CPU
		Release|Any CPU = Release|Any CPU
	EndGlobalSection
	GlobalSection(ProjectConfigurationPlatforms) = postSolution
		{D0CA5ADA-830B-4B86-B650-F6C8C3672D39}.Debug|Any CPU.ActiveCfg = Debug|Any CPU
		{D0CA5ADA-830B-4B86-B650-F6C8C3672D39}.Debug|Any CPU.Build.0 = Debug|Any CPU
		{D0CA5ADA-830B-4B86-B650-F6C8C3672D39}.Release|Any CPU.ActiveCfg = Release|Any CPU
		{D0CA5ADA-830B-4B86-B650-F6C8C3672D39}.Release|Any CPU.Build.0 = Release|Any CPU
	EndGlobalSection
EndGlobal
